
Microsoft Visual Studio Solution File, Format Version 12.00
# Visual Studio Version 16
VisualStudioVersion = 16.0.29503.13
MinimumVisualStudioVersion = 10.0.40219.1
Project("{2150E333-8FDC-42A3-9474-1A3956D46DE8}") = "test", "test", "{55848F81-6B27-4432-9FAD-2972D345FD42}"
EndProject
Project("{2150E333-8FDC-42A3-9474-1A3956D46DE8}") = "src", "src", "{B5E14946-777F-4623-921D-17207FBE7445}"
EndProject
Project("{FAE04EC0-301F-11D3-BF4B-00C04F79EFBC}") = "SuperMed", "SuperMed\SuperMed.csproj", "{77594FAC-C8A6-40B7-A4F8-BDDF9699D547}"
EndProject
Global
	GlobalSection(SolutionConfigurationPlatforms) = preSolution
		Debug|Any CPU = Debug|Any CPU
		Release|Any CPU = Release|Any CPU
	EndGlobalSection
	GlobalSection(ProjectConfigurationPlatforms) = postSolution
		{77594FAC-C8A6-40B7-A4F8-BDDF9699D547}.Debug|Any CPU.ActiveCfg = Debug|Any CPU
		{77594FAC-C8A6-40B7-A4F8-BDDF9699D547}.Debug|Any CPU.Build.0 = Debug|Any CPU
		{77594FAC-C8A6-40B7-A4F8-BDDF9699D547}.Release|Any CPU.ActiveCfg = Release|Any CPU
		{77594FAC-C8A6-40B7-A4F8-BDDF9699D547}.Release|Any CPU.Build.0 = Release|Any CPU
	EndGlobalSection
	GlobalSection(SolutionProperties) = preSolution
		HideSolutionNode = FALSE
	EndGlobalSection
	GlobalSection(NestedProjects) = preSolution
		{77594FAC-C8A6-40B7-A4F8-BDDF9699D547} = {B5E14946-777F-4623-921D-17207FBE7445}
	EndGlobalSection
	GlobalSection(ExtensibilityGlobals) = postSolution
		SolutionGuid = {1D24DB5D-5B92-4430-A35E-DC827A54B1C6}
	EndGlobalSection
EndGlobal
